// !$*UTF8*$!
{
	archiveVersion = 1;
	classes = {
	};
	objectVersion = 50;
	objects = {

/* Begin PBXBuildFile section */
		F1B1511E21100970008F5B36 /* AppDelegate.swift in Sources */ = {isa = PBXBuildFile; fileRef = F1B1511D21100970008F5B36 /* AppDelegate.swift */; };
		F1B1512021100970008F5B36 /* ViewController.swift in Sources */ = {isa = PBXBuildFile; fileRef = F1B1511F21100970008F5B36 /* ViewController.swift */; };
		F1B1512321100970008F5B36 /* Main.storyboard in Resources */ = {isa = PBXBuildFile; fileRef = F1B1512121100970008F5B36 /* Main.storyboard */; };
		F1B1512621100970008F5B36 /* iOSCalculatorTC.xcdatamodeld in Sources */ = {isa = PBXBuildFile; fileRef = F1B1512421100970008F5B36 /* iOSCalculatorTC.xcdatamodeld */; };
		F1B1512821100972008F5B36 /* Assets.xcassets in Resources */ = {isa = PBXBuildFile; fileRef = F1B1512721100972008F5B36 /* Assets.xcassets */; };
		F1B1512B21100972008F5B36 /* LaunchScreen.storyboard in Resources */ = {isa = PBXBuildFile; fileRef = F1B1512921100972008F5B36 /* LaunchScreen.storyboard */; };
/* End PBXBuildFile section */

/* Begin PBXFileReference section */
		F1B1511A21100970008F5B36 /* iOSCalculatorTC.app */ = {isa = PBXFileReference; explicitFileType = wrapper.application; includeInIndex = 0; path = iOSCalculatorTC.app; sourceTree = BUILT_PRODUCTS_DIR; };
		F1B1511D21100970008F5B36 /* AppDelegate.swift */ = {isa = PBXFileReference; lastKnownFileType = sourcecode.swift; path = AppDelegate.swift; sourceTree = "<group>"; };
		F1B1511F21100970008F5B36 /* ViewController.swift */ = {isa = PBXFileReference; lastKnownFileType = sourcecode.swift; path = ViewController.swift; sourceTree = "<group>"; };
		F1B1512221100970008F5B36 /* Base */ = {isa = PBXFileReference; lastKnownFileType = file.storyboard; name = Base; path = Base.lproj/Main.storyboard; sourceTree = "<group>"; };
		F1B1512521100970008F5B36 /* iOSCalculatorTC.xcdatamodel */ = {isa = PBXFileReference; lastKnownFileType = wrapper.xcdatamodel; path = iOSCalculatorTC.xcdatamodel; sourceTree = "<group>"; };
		F1B1512721100972008F5B36 /* Assets.xcassets */ = {isa = PBXFileReference; lastKnownFileType = folder.assetcatalog; path = Assets.xcassets; sourceTree = "<group>"; };
		F1B1512A21100972008F5B36 /* Base */ = {isa = PBXFileReference; lastKnownFileType = file.storyboard; name = Base; path = Base.lproj/LaunchScreen.storyboard; sourceTree = "<group>"; };
		F1B1512C21100972008F5B36 /* Info.plist */ = {isa = PBXFileReference; lastKnownFileType = text.plist.xml; path = Info.plist; sourceTree = "<group>"; };
/* End PBXFileReference section */

/* Begin PBXFrameworksBuildPhase section */
		F1B1511721100970008F5B36 /* Frameworks */ = {
			isa = PBXFrameworksBuildPhase;
			buildActionMask = 2147483647;
			files = (
			);
			runOnlyForDeploymentPostprocessing = 0;
		};
/* End PBXFrameworksBuildPhase section */

/* Begin PBXGroup section */
		F1B151112110096F008F5B36 = {
			isa = PBXGroup;
			children = (
				F1B1511C21100970008F5B36 /* iOSCalculatorTC */,
				F1B1511B21100970008F5B36 /* Products */,
			);
			sourceTree = "<group>";
		};
		F1B1511B21100970008F5B36 /* Products */ = {
			isa = PBXGroup;
			children = (
				F1B1511A21100970008F5B36 /* iOSCalculatorTC.app */,
			);
			name = Products;
			sourceTree = "<group>";
		};
		F1B1511C21100970008F5B36 /* iOSCalculatorTC */ = {
			isa = PBXGroup;
			children = (
				F1B1511D21100970008F5B36 /* AppDelegate.swift */,
				F1B1511F21100970008F5B36 /* ViewController.swift */,
				F1B1512121100970008F5B36 /* Main.storyboard */,
				F1B1512721100972008F5B36 /* Assets.xcassets */,
				F1B1512921100972008F5B36 /* LaunchScreen.storyboard */,
				F1B1512C21100972008F5B36 /* Info.plist */,
				F1B1512421100970008F5B36 /* iOSCalculatorTC.xcdatamodeld */,
			);
			path = iOSCalculatorTC;
			sourceTree = "<group>";
		};
/* End PBXGroup section */

/* Begin PBXNativeTarget section */
		F1B1511921100970008F5B36 /* iOSCalculatorTC */ = {
			isa = PBXNativeTarget;
			buildConfigurationList = F1B1512F21100972008F5B36 /* Build configuration list for PBXNativeTarget "iOSCalculatorTC" */;
			buildPhases = (
				F1B1511621100970008F5B36 /* Sources */,
				F1B1511721100970008F5B36 /* Frameworks */,
				F1B1511821100970008F5B36 /* Resources */,
			);
			buildRules = (
			);
			dependencies = (
			);
			name = iOSCalculatorTC;
			productName = iOSCalculatorTC;
			productReference = F1B1511A21100970008F5B36 /* iOSCalculatorTC.app */;
			productType = "com.apple.product-type.application";
		};
/* End PBXNativeTarget section */

/* Begin PBXProject section */
		F1B151122110096F008F5B36 /* Project object */ = {
			isa = PBXProject;
			attributes = {
				LastSwiftUpdateCheck = 0940;
				LastUpgradeCheck = 0940;
				ORGANIZATIONNAME = tcrandall;
				TargetAttributes = {
					F1B1511921100970008F5B36 = {
						CreatedOnToolsVersion = 9.4.1;
					};
				};
			};
			buildConfigurationList = F1B151152110096F008F5B36 /* Build configuration list for PBXProject "iOSCalculatorTC" */;
			compatibilityVersion = "Xcode 9.3";
			developmentRegion = en;
			hasScannedForEncodings = 0;
			knownRegions = (
				en,
				Base,
			);
			mainGroup = F1B151112110096F008F5B36;
			productRefGroup = F1B1511B21100970008F5B36 /* Products */;
			projectDirPath = "";
			projectRoot = "";
			targets = (
				F1B1511921100970008F5B36 /* iOSCalculatorTC */,
			);
		};
/* End PBXProject section */

/* Begin PBXResourcesBuildPhase section */
		F1B1511821100970008F5B36 /* Resources */ = {
			isa = PBXResourcesBuildPhase;
			buildActionMask = 2147483647;
			files = (
				F1B1512B21100972008F5B36 /* LaunchScreen.storyboard in Resources */,
				F1B1512821100972008F5B36 /* Assets.xcassets in Resources */,
				F1B1512321100970008F5B36 /* Main.storyboard in Resources */,
			);
			runOnlyForDeploymentPostprocessing = 0;
		};
/* End PBXResourcesBuildPhase section */

/* Begin PBXSourcesBuildPhase section */
		F1B1511621100970008F5B36 /* Sources */ = {
			isa = PBXSourcesBuildPhase;
			buildActionMask = 2147483647;
			files = (
				F1B1512621100970008F5B36 /* iOSCalculatorTC.xcdatamodeld in Sources */,
				F1B1512021100970008F5B36 /* ViewController.swift in Sources */,
				F1B1511E21100970008F5B36 /* AppDelegate.swift in Sources */,
			);
			runOnlyForDeploymentPostprocessing = 0;
		};
/* End PBXSourcesBuildPhase section */

/* Begin PBXVariantGroup section */
		F1B1512121100970008F5B36 /* Main.storyboard */ = {
			isa = PBXVariantGroup;
			children = (
				F1B1512221100970008F5B36 /* Base */,
			);
			name = Main.storyboard;
			sourceTree = "<group>";
		};
		F1B1512921100972008F5B36 /* LaunchScreen.storyboard */ = {
			isa = PBXVariantGroup;
			children = (
				F1B1512A21100972008F5B36 /* Base */,
			);
			name = LaunchScreen.storyboard;
			sourceTree = "<group>";
		};
/* End PBXVariantGroup section */

/* Begin XCBuildConfiguration section */
		F1B1512D21100972008F5B36 /* Debug */ = {
			isa = XCBuildConfiguration;
			buildSettings = {
				ALWAYS_SEARCH_USER_PATHS = NO;
				CLANG_ANALYZER_NONNULL = YES;
				CLANG_ANALYZER_NUMBER_OBJECT_CONVERSION = YES_AGGRESSIVE;
				CLANG_CXX_LANGUAGE_STANDARD = "gnu++14";
				CLANG_CXX_LIBRARY = "libc++";
				CLANG_ENABLE_MODULES = YES;
				CLANG_ENABLE_OBJC_ARC = YES;
				CLANG_ENABLE_OBJC_WEAK = YES;
				CLANG_WARN_BLOCK_CAPTURE_AUTORELEASING = YES;
				CLANG_WARN_BOOL_CONVERSION = YES;
				CLANG_WARN_COMMA = YES;
				CLANG_WARN_CONSTANT_CONVERSION = YES;
				CLANG_WARN_DEPRECATED_OBJC_IMPLEMENTATIONS = YES;
				CLANG_WARN_DIRECT_OBJC_ISA_USAGE = YES_ERROR;
				CLANG_WARN_DOCUMENTATION_COMMENTS = YES;
				CLANG_WARN_EMPTY_BODY = YES;
				CLANG_WARN_ENUM_CONVERSION = YES;
				CLANG_WARN_INFINITE_RECURSION = YES;
				CLANG_WARN_INT_CONVERSION = YES;
				CLANG_WARN_NON_LITERAL_NULL_CONVERSION = YES;
				CLANG_WARN_OBJC_IMPLICIT_RETAIN_SELF = YES;
				CLANG_WARN_OBJC_LITERAL_CONVERSION = YES;
				CLANG_WARN_OBJC_ROOT_CLASS = YES_ERROR;
				CLANG_WARN_RANGE_LOOP_ANALYSIS = YES;
				CLANG_WARN_STRICT_PROTOTYPES = YES;
				CLANG_WARN_SUSPICIOUS_MOVE = YES;
				CLANG_WARN_UNGUARDED_AVAILABILITY = YES_AGGRESSIVE;
				CLANG_WARN_UNREACHABLE_CODE = YES;
				CLANG_WARN__DUPLICATE_METHOD_MATCH = YES;
				CODE_SIGN_IDENTITY = "iPhone Developer";
				COPY_PHASE_STRIP = NO;
				DEBUG_INFORMATION_FORMAT = dwarf;
				ENABLE_STRICT_OBJC_MSGSEND = YES;
				ENABLE_TESTABILITY = YES;
				GCC_C_LANGUAGE_STANDARD = gnu11;
				GCC_DYNAMIC_NO_PIC = NO;
				GCC_NO_COMMON_BLOCKS = YES;
				GCC_OPTIMIZATION_LEVEL = 0;
				GCC_PREPROCESSOR_DEFINITIONS = (
					"DEBUG=1",
					"$(inherited)",
				);
				GCC_WARN_64_TO_32_BIT_CONVERSION = YES;
				GCC_WARN_ABOUT_RETURN_TYPE = YES_ERROR;
				GCC_WARN_UNDECLARED_SELECTOR = YES;
				GCC_WARN_UNINITIALIZED_AUTOS = YES_AGGRESSIVE;
				GCC_WARN_UNUSED_FUNCTION = YES;
				GCC_WARN_UNUSED_VARIABLE = YES;
				IPHONEOS_DEPLOYMENT_TARGET = 11.4;
				MTL_ENABLE_DEBUG_INFO = YES;
				ONLY_ACTIVE_ARCH = YES;
				SDKROOT = iphoneos;
				SWIFT_ACTIVE_COMPILATION_CONDITIONS = DEBUG;
				SWIFT_OPTIMIZATION_LEVEL = "-Onone";
			};
			name = Debug;
		};
		F1B1512E21100972008F5B36 /* Release */ = {
			isa = XCBuildConfiguration;
			buildSettings = {
				ALWAYS_SEARCH_USER_PATHS = NO;
				CLANG_ANALYZER_NONNULL = YES;
				CLANG_ANALYZER_NUMBER_OBJECT_CONVERSION = YES_AGGRESSIVE;
				CLANG_CXX_LANGUAGE_STANDARD = "gnu++14";
				CLANG_CXX_LIBRARY = "libc++";
				CLANG_ENABLE_MODULES = YES;
				CLANG_ENABLE_OBJC_ARC = YES;
				CLANG_ENABLE_OBJC_WEAK = YES;
				CLANG_WARN_BLOCK_CAPTURE_AUTORELEASING = YES;
				CLANG_WARN_BOOL_CONVERSION = YES;
				CLANG_WARN_COMMA = YES;
				CLANG_WARN_CONSTANT_CONVERSION = YES;
				CLANG_WARN_DEPRECATED_OBJC_IMPLEMENTATIONS = YES;
				CLANG_WARN_DIRECT_OBJC_ISA_USAGE = YES_ERROR;
				CLANG_WARN_DOCUMENTATION_COMMENTS = YES;
				CLANG_WARN_EMPTY_BODY = YES;
				CLANG_WARN_ENUM_CONVERSION = YES;
				CLANG_WARN_INFINITE_RECURSION = YES;
				CLANG_WARN_INT_CONVERSION = YES;
				CLANG_WARN_NON_LITERAL_NULL_CONVERSION = YES;
				CLANG_WARN_OBJC_IMPLICIT_RETAIN_SELF = YES;
				CLANG_WARN_OBJC_LITERAL_CONVERSION = YES;
				CLANG_WARN_OBJC_ROOT_CLASS = YES_ERROR;
				CLANG_WARN_RANGE_LOOP_ANALYSIS = YES;
				CLANG_WARN_STRICT_PROTOTYPES = YES;
				CLANG_WARN_SUSPICIOUS_MOVE = YES;
				CLANG_WARN_UNGUARDED_AVAILABILITY = YES_AGGRESSIVE;
				CLANG_WARN_UNREACHABLE_CODE = YES;
				CLANG_WARN__DUPLICATE_METHOD_MATCH = YES;
				CODE_SIGN_IDENTITY = "iPhone Developer";
				COPY_PHASE_STRIP = NO;
				DEBUG_INFORMATION_FORMAT = "dwarf-with-dsym";
				ENABLE_NS_ASSERTIONS = NO;
				ENABLE_STRICT_OBJC_MSGSEND = YES;
				GCC_C_LANGUAGE_STANDARD = gnu11;
				GCC_NO_COMMON_BLOCKS = YES;
				GCC_WARN_64_TO_32_BIT_CONVERSION = YES;
				GCC_WARN_ABOUT_RETURN_TYPE = YES_ERROR;
				GCC_WARN_UNDECLARED_SELECTOR = YES;
				GCC_WARN_UNINITIALIZED_AUTOS = YES_AGGRESSIVE;
				GCC_WARN_UNUSED_FUNCTION = YES;
				GCC_WARN_UNUSED_VARIABLE = YES;
				IPHONEOS_DEPLOYMENT_TARGET = 11.4;
				MTL_ENABLE_DEBUG_INFO = NO;
				SDKROOT = iphoneos;
				SWIFT_COMPILATION_MODE = wholemodule;
				SWIFT_OPTIMIZATION_LEVEL = "-O";
				VALIDATE_PRODUCT = YES;
			};
			name = Release;
		};
		F1B1513021100972008F5B36 /* Debug */ = {
			isa = XCBuildConfiguration;
			buildSettings = {
				ASSETCATALOG_COMPILER_APPICON_NAME = AppIcon;
				CODE_SIGN_STYLE = Automatic;
				DEVELOPMENT_TEAM = T8HBR28HN9;
				INFOPLIST_FILE = iOSCalculatorTC/Info.plist;
				LD_RUNPATH_SEARCH_PATHS = (
					"$(inherited)",
					"@executable_path/Frameworks",
				);
				PRODUCT_BUNDLE_IDENTIFIER = com.tcrandall.iOSCalculatorTC;
				PRODUCT_NAME = "$(TARGET_NAME)";
				SWIFT_VERSION = 4.0;
				TARGETED_DEVICE_FAMILY = "1,2";
			};
			name = Debug;
		};
		F1B1513121100972008F5B36 /* Release */ = {
			isa = XCBuildConfiguration;
			buildSettings = {
				ASSETCATALOG_COMPILER_APPICON_NAME = AppIcon;
				CODE_SIGN_STYLE = Automatic;
				DEVELOPMENT_TEAM = T8HBR28HN9;
				INFOPLIST_FILE = iOSCalculatorTC/Info.plist;
				LD_RUNPATH_SEARCH_PATHS = (
					"$(inherited)",
					"@executable_path/Frameworks",
				);
				PRODUCT_BUNDLE_IDENTIFIER = com.tcrandall.iOSCalculatorTC;
				PRODUCT_NAME = "$(TARGET_NAME)";
				SWIFT_VERSION = 4.0;
				TARGETED_DEVICE_FAMILY = "1,2";
			};
			name = Release;
		};
/* End XCBuildConfiguration section */

/* Begin XCConfigurationList section */
		F1B151152110096F008F5B36 /* Build configuration list for PBXProject "iOSCalculatorTC" */ = {
			isa = XCConfigurationList;
			buildConfigurations = (
				F1B1512D21100972008F5B36 /* Debug */,
				F1B1512E21100972008F5B36 /* Release */,
			);
			defaultConfigurationIsVisible = 0;
			defaultConfigurationName = Release;
		};
		F1B1512F21100972008F5B36 /* Build configuration list for PBXNativeTarget "iOSCalculatorTC" */ = {
			isa = XCConfigurationList;
			buildConfigurations = (
				F1B1513021100972008F5B36 /* Debug */,
				F1B1513121100972008F5B36 /* Release */,
			);
			defaultConfigurationIsVisible = 0;
			defaultConfigurationName = Release;
		};
/* End XCConfigurationList section */

/* Begin XCVersionGroup section */
		F1B1512421100970008F5B36 /* iOSCalculatorTC.xcdatamodeld */ = {
			isa = XCVersionGroup;
			children = (
				F1B1512521100970008F5B36 /* iOSCalculatorTC.xcdatamodel */,
			);
			currentVersion = F1B1512521100970008F5B36 /* iOSCalculatorTC.xcdatamodel */;
			path = iOSCalculatorTC.xcdatamodeld;
			sourceTree = "<group>";
			versionGroupType = wrapper.xcdatamodel;
		};
/* End XCVersionGroup section */
	};
	rootObject = F1B151122110096F008F5B36 /* Project object */;
}
